ajsonrpc==1.2.0
anyio==4.15.1
bottle==0.13.4
certifi==2026.7.22
chardet==5.2.0
charset-normalizer==3.5.1
click==8.3.3
colorama==0.4.6
h11==0.16.0
idna==3.19
marshmallow==3.26.2
packaging==26.3
pip==26.2.1
platformio==6.1.19
pyelftools==0.33
pyserial==3.5
requests==2.34.2
semantic-version==2.10.0
starlette==0.52.1
tabulate==0.10.0
typing-extensions==4.16.0
urllib3==2.7.0
uvicorn==0.40.0
wsproto==1.3.2
